// !$*UTF8*$!
{
	archiveVersion = 1;
	classes = {
	};
	objectVersion = 51;
	objects = {

/* Begin PBXBuildFile section */
		053C9CED6F6FD220AFBF5241 /* Pods_Parstagram_ParstagramUITests.framework in Frameworks */ = {isa = PBXBuildFile; fileRef = 7F6A08EB8DCC5D54AF8CB321 /* Pods_Parstagram_ParstagramUITests.framework */; };
		0B902C678AD8DF7A38C1BCD9 /* Pods_Parstagram.framework in Frameworks */ = {isa = PBXBuildFile; fileRef = 7BD5274F435EB0CDF5DB4582 /* Pods_Parstagram.framework */; };
		6BC59B1B5CC815F6B9DE9A04 /* Pods_ParstagramTests.framework in Frameworks */ = {isa = PBXBuildFile; fileRef = 4D01A6B6DB791512558C7C51 /* Pods_ParstagramTests.framework */; };
		841C61C5242DC594005637F8 /* CommentCell.swift in Sources */ = {isa = PBXBuildFile; fileRef = 841C61C4242DC594005637F8 /* CommentCell.swift */; };
		84FC7EA32424638400F895F7 /* AppDelegate.swift in Sources */ = {isa = PBXBuildFile; fileRef = 84FC7EA22424638400F895F7 /* AppDelegate.swift */; };
		84FC7EA52424638400F895F7 /* SceneDelegate.swift in Sources */ = {isa = PBXBuildFile; fileRef = 84FC7EA42424638400F895F7 /* SceneDelegate.swift */; };
		84FC7EAA2424638400F895F7 /* Main.storyboard in Resources */ = {isa = PBXBuildFile; fileRef = 84FC7EA82424638400F895F7 /* Main.storyboard */; };
		84FC7EAC2424638900F895F7 /* Assets.xcassets in Resources */ = {isa = PBXBuildFile; fileRef = 84FC7EAB2424638900F895F7 /* Assets.xcassets */; };
		84FC7EAF2424638900F895F7 /* LaunchScreen.storyboard in Resources */ = {isa = PBXBuildFile; fileRef = 84FC7EAD2424638900F895F7 /* LaunchScreen.storyboard */; };
		84FC7EBA2424638900F895F7 /* ParstagramTests.swift in Sources */ = {isa = PBXBuildFile; fileRef = 84FC7EB92424638900F895F7 /* ParstagramTests.swift */; };
		84FC7EC52424638900F895F7 /* ParstagramUITests.swift in Sources */ = {isa = PBXBuildFile; fileRef = 84FC7EC42424638900F895F7 /* ParstagramUITests.swift */; };
		84FC7ED324246E1500F895F7 /* LoginViewController.swift in Sources */ = {isa = PBXBuildFile; fileRef = 84FC7ED224246E1500F895F7 /* LoginViewController.swift */; };
		84FC7ED524246E1F00F895F7 /* FeedViewController.swift in Sources */ = {isa = PBXBuildFile; fileRef = 84FC7ED424246E1F00F895F7 /* FeedViewController.swift */; };
		84FC7ED72424755800F895F7 /* CameraViewController.swift in Sources */ = {isa = PBXBuildFile; fileRef = 84FC7ED62424755800F895F7 /* CameraViewController.swift */; };
		84FC7ED924247E8900F895F7 /* PostTableViewCell.swift in Sources */ = {isa = PBXBuildFile; fileRef = 84FC7ED824247E8900F895F7 /* PostTableViewCell.swift */; };
/* End PBXBuildFile section */

/* Begin PBXContainerItemProxy section */
		84FC7EB62424638900F895F7 /* PBXContainerItemProxy */ = {
			isa = PBXContainerItemProxy;
			containerPortal = 84FC7E972424638400F895F7 /* Project object */;
			proxyType = 1;
			remoteGlobalIDString = 84FC7E9E2424638400F895F7;
			remoteInfo = Parstagram;
		};
		84FC7EC12424638900F895F7 /* PBXContainerItemProxy */ = {
			isa = PBXContainerItemProxy;
			containerPortal = 84FC7E972424638400F895F7 /* Project object */;
			proxyType = 1;
			remoteGlobalIDString = 84FC7E9E2424638400F895F7;
			remoteInfo = Parstagram;
		};
/* End PBXContainerItemProxy section */

/* Begin PBXFileReference section */
		14A13B127C07A454C3DBB21A /* Pods-Parstagram.release.xcconfig */ = {isa = PBXFileReference; includeInIndex = 1; lastKnownFileType = text.xcconfig; name = "Pods-Parstagram.release.xcconfig"; path = "Target Support Files/Pods-Parstagram/Pods-Parstagram.release.xcconfig"; sourceTree = "<group>"; };
		4D01A6B6DB791512558C7C51 /* Pods_ParstagramTests.framework */ = {isa = PBXFileReference; explicitFileType = wrapper.framework; includeInIndex = 0; path = Pods_ParstagramTests.framework; sourceTree = BUILT_PRODUCTS_DIR; };
		7BD5274F435EB0CDF5DB4582 /* Pods_Parstagram.framework */ = {isa = PBXFileReference; explicitFileType = wrapper.framework; includeInIndex = 0; path = Pods_Parstagram.framework; sourceTree = BUILT_PRODUCTS_DIR; };
		7F6A08EB8DCC5D54AF8CB321 /* Pods_Parstagram_ParstagramUITests.framework */ = {isa = PBXFileReference; explicitFileType = wrapper.framework; includeInIndex = 0; path = Pods_Parstagram_ParstagramUITests.framework; sourceTree = BUILT_PRODUCTS_DIR; };
		841C61C4242DC594005637F8 /* CommentCell.swift */ = {isa = PBXFileReference; lastKnownFileType = sourcecode.swift; path = CommentCell.swift; sourceTree = "<group>"; };
		84FC7E9F2424638400F895F7 /* Parstagram.app */ = {isa = PBXFileReference; explicitFileType = wrapper.application; includeInIndex = 0; path = Parstagram.app; sourceTree = BUILT_PRODUCTS_DIR; };
		84FC7EA22424638400F895F7 /* AppDelegate.swift */ = {isa = PBXFileReference; lastKnownFileType = sourcecode.swift; path = AppDelegate.swift; sourceTree = "<group>"; };
		84FC7EA42424638400F895F7 /* SceneDelegate.swift */ = {isa = PBXFileReference; lastKnownFileType = sourcecode.swift; path = SceneDelegate.swift; sourceTree = "<group>"; };
		84FC7EA92424638400F895F7 /* Base */ = {isa = PBXFileReference; lastKnownFileType = file.storyboard; name = Base; path = Base.lproj/Main.storyboard; sourceTree = "<group>"; };
		84FC7EAB2424638900F895F7 /* Assets.xcassets */ = {isa = PBXFileReference; lastKnownFileType = folder.assetcatalog; path = Assets.xcassets; sourceTree = "<group>"; };
		84FC7EAE2424638900F895F7 /* Base */ = {isa = PBXFileReference; lastKnownFileType = file.storyboard; name = Base; path = Base.lproj/LaunchScreen.storyboard; sourceTree = "<group>"; };
		84FC7EB02424638900F895F7 /* Info.plist */ = {isa = PBXFileReference; lastKnownFileType = text.plist.xml; path = Info.plist; sourceTree = "<group>"; };
		84FC7EB52424638900F895F7 /* ParstagramTests.xctest */ = {isa = PBXFileReference; explicitFileType = wrapper.cfbundle; includeInIndex = 0; path = ParstagramTests.xctest; sourceTree = BUILT_PRODUCTS_DIR; };
		84FC7EB92424638900F895F7 /* ParstagramTests.swift */ = {isa = PBXFileReference; lastKnownFileType = sourcecode.swift; path = ParstagramTests.swift; sourceTree = "<group>"; };
		84FC7EBB2424638900F895F7 /* Info.plist */ = {isa = PBXFileReference; lastKnownFileType = text.plist.xml; path = Info.plist; sourceTree = "<group>"; };
		84FC7EC02424638900F895F7 /* ParstagramUITests.xctest */ = {isa = PBXFileReference; explicitFileType = wrapper.cfbundle; includeInIndex = 0; path = ParstagramUITests.xctest; sourceTree = BUILT_PRODUCTS_DIR; };
		84FC7EC42424638900F895F7 /* ParstagramUITests.swift */ = {isa = PBXFileReference; lastKnownFileType = sourcecode.swift; path = ParstagramUITests.swift; sourceTree = "<group>"; };
		84FC7EC62424638900F895F7 /* Info.plist */ = {isa = PBXFileReference; lastKnownFileType = text.plist.xml; path = Info.plist; sourceTree = "<group>"; };
		84FC7ED224246E1500F895F7 /* LoginViewController.swift */ = {isa = PBXFileReference; lastKnownFileType = sourcecode.swift; path = LoginViewController.swift; sourceTree = "<group>"; };
		84FC7ED424246E1F00F895F7 /* FeedViewController.swift */ = {isa = PBXFileReference; lastKnownFileType = sourcecode.swift; path = FeedViewController.swift; sourceTree = "<group>"; };
		84FC7ED62424755800F895F7 /* CameraViewController.swift */ = {isa = PBXFileReference; lastKnownFileType = sourcecode.swift; path = CameraViewController.swift; sourceTree = "<group>"; };
		84FC7ED824247E8900F895F7 /* PostTableViewCell.swift */ = {isa = PBXFileReference; lastKnownFileType = sourcecode.swift; path = PostTableViewCell.swift; sourceTree = "<group>"; };
		8935AA4A6A64E93A7D186761 /* Pods-ParstagramTests.debug.xcconfig */ = {isa = PBXFileReference; includeInIndex = 1; lastKnownFileType = text.xcconfig; name = "Pods-ParstagramTests.debug.xcconfig"; path = "Target Support Files/Pods-ParstagramTests/Pods-ParstagramTests.debug.xcconfig"; sourceTree = "<group>"; };
		893E5EE848C6C37F81C1340B /* Pods-ParstagramTests.release.xcconfig */ = {isa = PBXFileReference; includeInIndex = 1; lastKnownFileType = text.xcconfig; name = "Pods-ParstagramTests.release.xcconfig"; path = "Target Support Files/Pods-ParstagramTests/Pods-ParstagramTests.release.xcconfig"; sourceTree = "<group>"; };
		9DDAAB718D5DEAEFFA89F0A3 /* Pods-Parstagram.debug.xcconfig */ = {isa = PBXFileReference; includeInIndex = 1; lastKnownFileType = text.xcconfig; name = "Pods-Parstagram.debug.xcconfig"; path = "Target Support Files/Pods-Parstagram/Pods-Parstagram.debug.xcconfig"; sourceTree = "<group>"; };
		D72B8D30155C6836E2655A76 /* Pods-Parstagram-ParstagramUITests.debug.xcconfig */ = {isa = PBXFileReference; includeInIndex = 1; lastKnownFileType = text.xcconfig; name = "Pods-Parstagram-ParstagramUITests.debug.xcconfig"; path = "Target Support Files/Pods-Parstagram-ParstagramUITests/Pods-Parstagram-ParstagramUITests.debug.xcconfig"; sourceTree = "<group>"; };
		E05673567C8CC3291E05CF44 /* Pods-Parstagram-ParstagramUITests.release.xcconfig */ = {isa = PBXFileReference; includeInIndex = 1; lastKnownFileType = text.xcconfig; name = "Pods-Parstagram-ParstagramUITests.release.xcconfig"; path = "Target Support Files/Pods-Parstagram-ParstagramUITests/Pods-Parstagram-ParstagramUITests.release.xcconfig"; sourceTree = "<group>"; };
/* End PBXFileReference section */

/* Begin PBXFrameworksBuildPhase section */
		84FC7E9C2424638400F895F7 /* Frameworks */ = {
			isa = PBXFrameworksBuildPhase;
			buildActionMask = 2147483647;
			files = (
				0B902C678AD8DF7A38C1BCD9 /* Pods_Parstagram.framework in Frameworks */,
			);
			runOnlyForDeploymentPostprocessing = 0;
		};
		84FC7EB22424638900F895F7 /* Frameworks */ = {
			isa = PBXFrameworksBuildPhase;
			buildActionMask = 2147483647;
			files = (
				6BC59B1B5CC815F6B9DE9A04 /* Pods_ParstagramTests.framework in Frameworks */,
			);
			runOnlyForDeploymentPostprocessing = 0;
		};
		84FC7EBD2424638900F895F7 /* Frameworks */ = {
			isa = PBXFrameworksBuildPhase;
			buildActionMask = 2147483647;
			files = (
				053C9CED6F6FD220AFBF5241 /* Pods_Parstagram_ParstagramUITests.framework in Frameworks */,
			);
			runOnlyForDeploymentPostprocessing = 0;
		};
/* End PBXFrameworksBuildPhase section */

/* Begin PBXGroup section */
		84FC7E962424638400F895F7 = {
			isa = PBXGroup;
			children = (
				84FC7EA12424638400F895F7 /* Parstagram */,
				84FC7EB82424638900F895F7 /* ParstagramTests */,
				84FC7EC32424638900F895F7 /* ParstagramUITests */,
				84FC7EA02424638400F895F7 /* Products */,
				C1C92AF4CF10CB6049B5B0FE /* Pods */,
				BE625E2FA951851363C56200 /* Frameworks */,
			);
			sourceTree = "<group>";
		};
		84FC7EA02424638400F895F7 /* Products */ = {
			isa = PBXGroup;
			children = (
				84FC7E9F2424638400F895F7 /* Parstagram.app */,
				84FC7EB52424638900F895F7 /* ParstagramTests.xctest */,
				84FC7EC02424638900F895F7 /* ParstagramUITests.xctest */,
			);
			name = Products;
			sourceTree = "<group>";
		};
		84FC7EA12424638400F895F7 /* Parstagram */ = {
			isa = PBXGroup;
			children = (
				84FC7EA22424638400F895F7 /* AppDelegate.swift */,
				84FC7EA42424638400F895F7 /* SceneDelegate.swift */,
				84FC7EA82424638400F895F7 /* Main.storyboard */,
				84FC7EAB2424638900F895F7 /* Assets.xcassets */,
				84FC7EAD2424638900F895F7 /* LaunchScreen.storyboard */,
				84FC7EB02424638900F895F7 /* Info.plist */,
				84FC7ED224246E1500F895F7 /* LoginViewController.swift */,
				84FC7ED424246E1F00F895F7 /* FeedViewController.swift */,
				84FC7ED62424755800F895F7 /* CameraViewController.swift */,
				84FC7ED824247E8900F895F7 /* PostTableViewCell.swift */,
				841C61C4242DC594005637F8 /* CommentCell.swift */,
			);
			path = Parstagram;
			sourceTree = "<group>";
		};
		84FC7EB82424638900F895F7 /* ParstagramTests */ = {
			isa = PBXGroup;
			children = (
				84FC7EB92424638900F895F7 /* ParstagramTests.swift */,
				84FC7EBB2424638900F895F7 /* Info.plist */,
			);
			path = ParstagramTests;
			sourceTree = "<group>";
		};
		84FC7EC32424638900F895F7 /* ParstagramUITests */ = {
			isa = PBXGroup;
			children = (
				84FC7EC42424638900F895F7 /* ParstagramUITests.swift */,
				84FC7EC62424638900F895F7 /* Info.plist */,
			);
			path = ParstagramUITests;
			sourceTree = "<group>";
		};
		BE625E2FA951851363C56200 /* Frameworks */ = {
			isa = PBXGroup;
			children = (
				7BD5274F435EB0CDF5DB4582 /* Pods_Parstagram.framework */,
				7F6A08EB8DCC5D54AF8CB321 /* Pods_Parstagram_ParstagramUITests.framework */,
				4D01A6B6DB791512558C7C51 /* Pods_ParstagramTests.framework */,
			);
			name = Frameworks;
			sourceTree = "<group>";
		};
		C1C92AF4CF10CB6049B5B0FE /* Pods */ = {
			isa = PBXGroup;
			children = (
				9DDAAB718D5DEAEFFA89F0A3 /* Pods-Parstagram.debug.xcconfig */,
				14A13B127C07A454C3DBB21A /* Pods-Parstagram.release.xcconfig */,
				D72B8D30155C6836E2655A76 /* Pods-Parstagram-ParstagramUITests.debug.xcconfig */,
				E05673567C8CC3291E05CF44 /* Pods-Parstagram-ParstagramUITests.release.xcconfig */,
				8935AA4A6A64E93A7D186761 /* Pods-ParstagramTests.debug.xcconfig */,
				893E5EE848C6C37F81C1340B /* Pods-ParstagramTests.release.xcconfig */,
			);
			path = Pods;
			sourceTree = "<group>";
		};
/* End PBXGroup section */

/* Begin PBXNativeTarget section */
		84FC7E9E2424638400F895F7 /* Parstagram */ = {
			isa = PBXNativeTarget;
			buildConfigurationList = 84FC7EC92424638900F895F7 /* Build configuration list for PBXNativeTarget "Parstagram" */;
			buildPhases = (
				D01DA1DA877B4FA69D2DEF8B /* [CP] Check Pods Manifest.lock */,
				84FC7E9B2424638400F895F7 /* Sources */,
				84FC7E9C2424638400F895F7 /* Frameworks */,
				84FC7E9D2424638400F895F7 /* Resources */,
				9DBD9E2166AF3FE6CC17EAF4 /* [CP] Embed Pods Frameworks */,
			);
			buildRules = (
			);
			dependencies = (
			);
			name = Parstagram;
			productName = Parstagram;
			productReference = 84FC7E9F2424638400F895F7 /* Parstagram.app */;
			productType = "com.apple.product-type.application";
		};
		84FC7EB42424638900F895F7 /* ParstagramTests */ = {
			isa = PBXNativeTarget;
			buildConfigurationList = 84FC7ECC2424638900F895F7 /* Build configuration list for PBXNativeTarget "ParstagramTests" */;
			buildPhases = (
				7CE61DCB12F3F8A188A1D0E3 /* [CP] Check Pods Manifest.lock */,
				84FC7EB12424638900F895F7 /* Sources */,
				84FC7EB22424638900F895F7 /* Frameworks */,
				84FC7EB32424638900F895F7 /* Resources */,
			);
			buildRules = (
			);
			dependencies = (
				84FC7EB72424638900F895F7 /* PBXTargetDependency */,
			);
			name = ParstagramTests;
			productName = ParstagramTests;
			productReference = 84FC7EB52424638900F895F7 /* ParstagramTests.xctest */;
			productType = "com.apple.product-type.bundle.unit-test";
		};
		84FC7EBF2424638900F895F7 /* ParstagramUITests */ = {
			isa = PBXNativeTarget;
			buildConfigurationList = 84FC7ECF2424638900F895F7 /* Build configuration list for PBXNativeTarget "ParstagramUITests" */;
			buildPhases = (
				4DAE6DFE035BB93579FC037C /* [CP] Check Pods Manifest.lock */,
				84FC7EBC2424638900F895F7 /* Sources */,
				84FC7EBD2424638900F895F7 /* Frameworks */,
				84FC7EBE2424638900F895F7 /* Resources */,
				560C87A80EF09E8830E47E22 /* [CP] Embed Pods Frameworks */,
			);
			buildRules = (
			);
			dependencies = (
				84FC7EC22424638900F895F7 /* PBXTargetDependency */,
			);
			name = ParstagramUITests;
			productName = ParstagramUITests;
			productReference = 84FC7EC02424638900F895F7 /* ParstagramUITests.xctest */;
			productType = "com.apple.product-type.bundle.ui-testing";
		};
/* End PBXNativeTarget section */

/* Begin PBXProject section */
		84FC7E972424638400F895F7 /* Project object */ = {
			isa = PBXProject;
			attributes = {
				LastSwiftUpdateCheck = 1130;
				LastUpgradeCheck = 1130;
				ORGANIZATIONNAME = "kevin.orellana06@gmail.com";
				TargetAttributes = {
					84FC7E9E2424638400F895F7 = {
						CreatedOnToolsVersion = 11.3;
					};
					84FC7EB42424638900F895F7 = {
						CreatedOnToolsVersion = 11.3;
						TestTargetID = 84FC7E9E2424638400F895F7;
					};
					84FC7EBF2424638900F895F7 = {
						CreatedOnToolsVersion = 11.3;
						TestTargetID = 84FC7E9E2424638400F895F7;
					};
				};
			};
			buildConfigurationList = 84FC7E9A2424638400F895F7 /* Build configuration list for PBXProject "Parstagram" */;
			compatibilityVersion = "Xcode 9.3";
			developmentRegion = en;
			hasScannedForEncodings = 0;
			knownRegions = (
				en,
				Base,
			);
			mainGroup = 84FC7E962424638400F895F7;
			productRefGroup = 84FC7EA02424638400F895F7 /* Products */;
			projectDirPath = "";
			projectRoot = "";
			targets = (
				84FC7E9E2424638400F895F7 /* Parstagram */,
				84FC7EB42424638900F895F7 /* ParstagramTests */,
				84FC7EBF2424638900F895F7 /* ParstagramUITests */,
			);
		};
/* End PBXProject section */

/* Begin PBXResourcesBuildPhase section */
		84FC7E9D2424638400F895F7 /* Resources */ = {
			isa = PBXResourcesBuildPhase;
			buildActionMask = 2147483647;
			files = (
				84FC7EAF2424638900F895F7 /* LaunchScreen.storyboard in Resources */,
				84FC7EAC2424638900F895F7 /* Assets.xcassets in Resources */,
				84FC7EAA2424638400F895F7 /* Main.storyboard in Resources */,
			);
			runOnlyForDeploymentPostprocessing = 0;
		};
		84FC7EB32424638900F895F7 /* Resources */ = {
			isa = PBXResourcesBuildPhase;
			buildActionMask = 2147483647;
			files = (
			);
			runOnlyForDeploymentPostprocessing = 0;
		};
		84FC7EBE2424638900F895F7 /* Resources */ = {
			isa = PBXResourcesBuildPhase;
			buildActionMask = 2147483647;
			files = (
			);
			runOnlyForDeploymentPostprocessing = 0;
		};
/* End PBXResourcesBuildPhase section */

/* Begin PBXShellScriptBuildPhase section */
		4DAE6DFE035BB93579FC037C /* [CP] Check Pods Manifest.lock */ = {
			isa = PBXShellScriptBuildPhase;
			buildActionMask = 2147483647;
			files = (
			);
			inputFileListPaths = (
			);
			inputPaths = (
				"${PODS_PODFILE_DIR_PATH}/Podfile.lock",
				"${PODS_ROOT}/Manifest.lock",
			);
			name = "[CP] Check Pods Manifest.lock";
			outputFileListPaths = (
			);
			outputPaths = (
				"$(DERIVED_FILE_DIR)/Pods-Parstagram-ParstagramUITests-checkManifestLockResult.txt",
			);
			runOnlyForDeploymentPostprocessing = 0;
			shellPath = /bin/sh;
			shellScript = "diff \"${PODS_PODFILE_DIR_PATH}/Podfile.lock\" \"${PODS_ROOT}/Manifest.lock\" > /dev/null\nif [ $? != 0 ] ; then\n    # print error to STDERR\n    echo \"error: The sandbox is not in sync with the Podfile.lock. Run 'pod install' or update your CocoaPods installation.\" >&2\n    exit 1\nfi\n# This output is used by Xcode 'outputs' to avoid re-running this script phase.\necho \"SUCCESS\" > \"${SCRIPT_OUTPUT_FILE_0}\"\n";
			showEnvVarsInLog = 0;
		};
		560C87A80EF09E8830E47E22 /* [CP] Embed Pods Frameworks */ = {
			isa = PBXShellScriptBuildPhase;
			buildActionMask = 2147483647;
			files = (
			);
			inputFileListPaths = (
				"${PODS_ROOT}/Target Support Files/Pods-Parstagram-ParstagramUITests/Pods-Parstagram-ParstagramUITests-frameworks-${CONFIGURATION}-input-files.xcfilelist",
			);
			name = "[CP] Embed Pods Frameworks";
			outputFileListPaths = (
				"${PODS_ROOT}/Target Support Files/Pods-Parstagram-ParstagramUITests/Pods-Parstagram-ParstagramUITests-frameworks-${CONFIGURATION}-output-files.xcfilelist",
			);
			runOnlyForDeploymentPostprocessing = 0;
			shellPath = /bin/sh;
			shellScript = "\"${PODS_ROOT}/Target Support Files/Pods-Parstagram-ParstagramUITests/Pods-Parstagram-ParstagramUITests-frameworks.sh\"\n";
			showEnvVarsInLog = 0;
		};
		7CE61DCB12F3F8A188A1D0E3 /* [CP] Check Pods Manifest.lock */ = {
			isa = PBXShellScriptBuildPhase;
			buildActionMask = 2147483647;
			files = (
			);
			inputFileListPaths = (
			);
			inputPaths = (
				"${PODS_PODFILE_DIR_PATH}/Podfile.lock",
				"${PODS_ROOT}/Manifest.lock",
			);
			name = "[CP] Check Pods Manifest.lock";
			outputFileListPaths = (
			);
			outputPaths = (
				"$(DERIVED_FILE_DIR)/Pods-ParstagramTests-checkManifestLockResult.txt",
			);
			runOnlyForDeploymentPostprocessing = 0;
			shellPath = /bin/sh;
			shellScript = "diff \"${PODS_PODFILE_DIR_PATH}/Podfile.lock\" \"${PODS_ROOT}/Manifest.lock\" > /dev/null\nif [ $? != 0 ] ; then\n    # print error to STDERR\n    echo \"error: The sandbox is not in sync with the Podfile.lock. Run 'pod install' or update your CocoaPods installation.\" >&2\n    exit 1\nfi\n# This output is used by Xcode 'outputs' to avoid re-running this script phase.\necho \"SUCCESS\" > \"${SCRIPT_OUTPUT_FILE_0}\"\n";
			showEnvVarsInLog = 0;
		};
		9DBD9E2166AF3FE6CC17EAF4 /* [CP] Embed Pods Frameworks */ = {
			isa = PBXShellScriptBuildPhase;
			buildActionMask = 2147483647;
			files = (
			);
			inputFileListPaths = (
				"${PODS_ROOT}/Target Support Files/Pods-Parstagram/Pods-Parstagram-frameworks-${CONFIGURATION}-input-files.xcfilelist",
			);
			name = "[CP] Embed Pods Frameworks";
			outputFileListPaths = (
				"${PODS_ROOT}/Target Support Files/Pods-Parstagram/Pods-Parstagram-frameworks-${CONFIGURATION}-output-files.xcfilelist",
			);
			runOnlyForDeploymentPostprocessing = 0;
			shellPath = /bin/sh;
			shellScript = "\"${PODS_ROOT}/Target Support Files/Pods-Parstagram/Pods-Parstagram-frameworks.sh\"\n";
			showEnvVarsInLog = 0;
		};
		D01DA1DA877B4FA69D2DEF8B /* [CP] Check Pods Manifest.lock */ = {
			isa = PBXShellScriptBuildPhase;
			buildActionMask = 2147483647;
			files = (
			);
			inputFileListPaths = (
			);
			inputPaths = (
				"${PODS_PODFILE_DIR_PATH}/Podfile.lock",
				"${PODS_ROOT}/Manifest.lock",
			);
			name = "[CP] Check Pods Manifest.lock";
			outputFileListPaths = (
			);
			outputPaths = (
				"$(DERIVED_FILE_DIR)/Pods-Parstagram-checkManifestLockResult.txt",
			);
			runOnlyForDeploymentPostprocessing = 0;
			shellPath = /bin/sh;
			shellScript = "diff \"${PODS_PODFILE_DIR_PATH}/Podfile.lock\" \"${PODS_ROOT}/Manifest.lock\" > /dev/null\nif [ $? != 0 ] ; then\n    # print error to STDERR\n    echo \"error: The sandbox is not in sync with the Podfile.lock. Run 'pod install' or update your CocoaPods installation.\" >&2\n    exit 1\nfi\n# This output is used by Xcode 'outputs' to avoid re-running this script phase.\necho \"SUCCESS\" > \"${SCRIPT_OUTPUT_FILE_0}\"\n";
			showEnvVarsInLog = 0;
		};
/* End PBXShellScriptBuildPhase section */

/* Begin PBXSourcesBuildPhase section */
		84FC7E9B2424638400F895F7 /* Sources */ = {
			isa = PBXSourcesBuildPhase;
			buildActionMask = 2147483647;
			files = (
				84FC7ED324246E1500F895F7 /* LoginViewController.swift in Sources */,
				84FC7ED72424755800F895F7 /* CameraViewController.swift in Sources */,
				84FC7EA32424638400F895F7 /* AppDelegate.swift in Sources */,
				84FC7ED524246E1F00F895F7 /* FeedViewController.swift in Sources */,
				84FC7EA52424638400F895F7 /* SceneDelegate.swift in Sources */,
				84FC7ED924247E8900F895F7 /* PostTableViewCell.swift in Sources */,
				841C61C5242DC594005637F8 /* CommentCell.swift in Sources */,
			);
			runOnlyForDeploymentPostprocessing = 0;
		};
		84FC7EB12424638900F895F7 /* Sources */ = {
			isa = PBXSourcesBuildPhase;
			buildActionMask = 2147483647;
			files = (
				84FC7EBA2424638900F895F7 /* ParstagramTests.swift in Sources */,
			);
			runOnlyForDeploymentPostprocessing = 0;
		};
		84FC7EBC2424638900F895F7 /* Sources */ = {
			isa = PBXSourcesBuildPhase;
			buildActionMask = 2147483647;
			files = (
				84FC7EC52424638900F895F7 /* ParstagramUITests.swift in Sources */,
			);
			runOnlyForDeploymentPostprocessing = 0;
		};
/* End PBXSourcesBuildPhase section */

/* Begin PBXTargetDependency section */
		84FC7EB72424638900F895F7 /* PBXTargetDependency */ = {
			isa = PBXTargetDependency;
			target = 84FC7E9E2424638400F895F7 /* Parstagram */;
			targetProxy = 84FC7EB62424638900F895F7 /* PBXContainerItemProxy */;
		};
		84FC7EC22424638900F895F7 /* PBXTargetDependency */ = {
			isa = PBXTargetDependency;
			target = 84FC7E9E2424638400F895F7 /* Parstagram */;
			targetProxy = 84FC7EC12424638900F895F7 /* PBXContainerItemProxy */;
		};
/* End PBXTargetDependency section */

/* Begin PBXVariantGroup section */
		84FC7EA82424638400F895F7 /* Main.storyboard */ = {
			isa = PBXVariantGroup;
			children = (
				84FC7EA92424638400F895F7 /* Base */,
			);
			name = Main.storyboard;
			sourceTree = "<group>";
		};
		84FC7EAD2424638900F895F7 /* LaunchScreen.storyboard */ = {
			isa = PBXVariantGroup;
			children = (
				84FC7EAE2424638900F895F7 /* Base */,
			);
			name = LaunchScreen.storyboard;
			sourceTree = "<group>";
		};
/* End PBXVariantGroup section */

/* Begin XCBuildConfiguration section */
		84FC7EC72424638900F895F7 /* Debug */ = {
			isa = XCBuildConfiguration;
			buildSettings = {
				ALWAYS_SEARCH_USER_PATHS = NO;
				CLANG_ANALYZER_NONNULL = YES;
				CLANG_ANALYZER_NUMBER_OBJECT_CONVERSION = YES_AGGRESSIVE;
				CLANG_CXX_LANGUAGE_STANDARD = "gnu++14";
				CLANG_CXX_LIBRARY = "libc++";
				CLANG_ENABLE_MODULES = YES;
				CLANG_ENABLE_OBJC_ARC = YES;
				CLANG_ENABLE_OBJC_WEAK = YES;
				CLANG_WARN_BLOCK_CAPTURE_AUTORELEASING = YES;
				CLANG_WARN_BOOL_CONVERSION = YES;
				CLANG_WARN_COMMA = YES;
				CLANG_WARN_CONSTANT_CONVERSION = YES;
				CLANG_WARN_DEPRECATED_OBJC_IMPLEMENTATIONS = YES;
				CLANG_WARN_DIRECT_OBJC_ISA_USAGE = YES_ERROR;
				CLANG_WARN_DOCUMENTATION_COMMENTS = YES;
				CLANG_WARN_EMPTY_BODY = YES;
				CLANG_WARN_ENUM_CONVERSION = YES;
				CLANG_WARN_INFINITE_RECURSION = YES;
				CLANG_WARN_INT_CONVERSION = YES;
				CLANG_WARN_NON_LITERAL_NULL_CONVERSION = YES;
				CLANG_WARN_OBJC_IMPLICIT_RETAIN_SELF = YES;
				CLANG_WARN_OBJC_LITERAL_CONVERSION = YES;
				CLANG_WARN_OBJC_ROOT_CLASS = YES_ERROR;
				CLANG_WARN_RANGE_LOOP_ANALYSIS = YES;
				CLANG_WARN_STRICT_PROTOTYPES = YES;
				CLANG_WARN_SUSPICIOUS_MOVE = YES;
				CLANG_WARN_UNGUARDED_AVAILABILITY = YES_AGGRESSIVE;
				CLANG_WARN_UNREACHABLE_CODE = YES;
				CLANG_WARN__DUPLICATE_METHOD_MATCH = YES;
				COPY_PHASE_STRIP = NO;
				DEBUG_INFORMATION_FORMAT = dwarf;
				ENABLE_STRICT_OBJC_MSGSEND = YES;
				ENABLE_TESTABILITY = YES;
				GCC_C_LANGUAGE_STANDARD = gnu11;
				GCC_DYNAMIC_NO_PIC = NO;
				GCC_NO_COMMON_BLOCKS = YES;
				GCC_OPTIMIZATION_LEVEL = 0;
				GCC_PREPROCESSOR_DEFINITIONS = (
					"DEBUG=1",
					"$(inherited)",
				);
				GCC_WARN_64_TO_32_BIT_CONVERSION = YES;
				GCC_WARN_ABOUT_RETURN_TYPE = YES_ERROR;
				GCC_WARN_UNDECLARED_SELECTOR = YES;
				GCC_WARN_UNINITIALIZED_AUTOS = YES_AGGRESSIVE;
				GCC_WARN_UNUSED_FUNCTION = YES;
				GCC_WARN_UNUSED_VARIABLE = YES;
				IPHONEOS_DEPLOYMENT_TARGET = 13.2;
				MTL_ENABLE_DEBUG_INFO = INCLUDE_SOURCE;
				MTL_FAST_MATH = YES;
				ONLY_ACTIVE_ARCH = YES;
				SDKROOT = iphoneos;
				SWIFT_ACTIVE_COMPILATION_CONDITIONS = DEBUG;
				SWIFT_OPTIMIZATION_LEVEL = "-Onone";
			};
			name = Debug;
		};
		84FC7EC82424638900F895F7 /* Release */ = {
			isa = XCBuildConfiguration;
			buildSettings = {
				ALWAYS_SEARCH_USER_PATHS = NO;
				CLANG_ANALYZER_NONNULL = YES;
				CLANG_ANALYZER_NUMBER_OBJECT_CONVERSION = YES_AGGRESSIVE;
				CLANG_CXX_LANGUAGE_STANDARD = "gnu++14";
				CLANG_CXX_LIBRARY = "libc++";
				CLANG_ENABLE_MODULES = YES;
				CLANG_ENABLE_OBJC_ARC = YES;
				CLANG_ENABLE_OBJC_WEAK = YES;
				CLANG_WARN_BLOCK_CAPTURE_AUTORELEASING = YES;
				CLANG_WARN_BOOL_CONVERSION = YES;
				CLANG_WARN_COMMA = YES;
				CLANG_WARN_CONSTANT_CONVERSION = YES;
				CLANG_WARN_DEPRECATED_OBJC_IMPLEMENTATIONS = YES;
				CLANG_WARN_DIRECT_OBJC_ISA_USAGE = YES_ERROR;
				CLANG_WARN_DOCUMENTATION_COMMENTS = YES;
				CLANG_WARN_EMPTY_BODY = YES;
				CLANG_WARN_ENUM_CONVERSION = YES;
				CLANG_WARN_INFINITE_RECURSION = YES;
				CLANG_WARN_INT_CONVERSION = YES;
				CLANG_WARN_NON_LITERAL_NULL_CONVERSION = YES;
				CLANG_WARN_OBJC_IMPLICIT_RETAIN_SELF = YES;
				CLANG_WARN_OBJC_LITERAL_CONVERSION = YES;
				CLANG_WARN_OBJC_ROOT_CLASS = YES_ERROR;
				CLANG_WARN_RANGE_LOOP_ANALYSIS = YES;
				CLANG_WARN_STRICT_PROTOTYPES = YES;
				CLANG_WARN_SUSPICIOUS_MOVE = YES;
				CLANG_WARN_UNGUARDED_AVAILABILITY = YES_AGGRESSIVE;
				CLANG_WARN_UNREACHABLE_CODE = YES;
				CLANG_WARN__DUPLICATE_METHOD_MATCH = YES;
				COPY_PHASE_STRIP = NO;
				DEBUG_INFORMATION_FORMAT = "dwarf-with-dsym";
				ENABLE_NS_ASSERTIONS = NO;
				ENABLE_STRICT_OBJC_MSGSEND = YES;
				GCC_C_LANGUAGE_STANDARD = gnu11;
				GCC_NO_COMMON_BLOCKS = YES;
				GCC_WARN_64_TO_32_BIT_CONVERSION = YES;
				GCC_WARN_ABOUT_RETURN_TYPE = YES_ERROR;
				GCC_WARN_UNDECLARED_SELECTOR = YES;
				GCC_WARN_UNINITIALIZED_AUTOS = YES_AGGRESSIVE;
				GCC_WARN_UNUSED_FUNCTION = YES;
				GCC_WARN_UNUSED_VARIABLE = YES;
				IPHONEOS_DEPLOYMENT_TARGET = 13.2;
				MTL_ENABLE_DEBUG_INFO = NO;
				MTL_FAST_MATH = YES;
				SDKROOT = iphoneos;
				SWIFT_COMPILATION_MODE = wholemodule;
				SWIFT_OPTIMIZATION_LEVEL = "-O";
				VALIDATE_PRODUCT = YES;
			};
			name = Release;
		};
		84FC7ECA2424638900F895F7 /* Debug */ = {
			isa = XCBuildConfiguration;
			baseConfigurationReference = 9DDAAB718D5DEAEFFA89F0A3 /* Pods-Parstagram.debug.xcconfig */;
			buildSettings = {
				ASSETCATALOG_COMPILER_APPICON_NAME = AppIcon;
				CODE_SIGN_STYLE = Automatic;
				INFOPLIST_FILE = Parstagram/Info.plist;
				LD_RUNPATH_SEARCH_PATHS = (
					"$(inherited)",
					"@executable_path/Frameworks",
				);
				PRODUCT_BUNDLE_IDENTIFIER = "kevin.orellana06-gmail.com.Parstagram";
				PRODUCT_NAME = "$(TARGET_NAME)";
				SWIFT_VERSION = 5.0;
				TARGETED_DEVICE_FAMILY = "1,2";
			};
			name = Debug;
		};
		84FC7ECB2424638900F895F7 /* Release */ = {
			isa = XCBuildConfiguration;
			baseConfigurationReference = 14A13B127C07A454C3DBB21A /* Pods-Parstagram.release.xcconfig */;
			buildSettings = {
				ASSETCATALOG_COMPILER_APPICON_NAME = AppIcon;
				CODE_SIGN_STYLE = Automatic;
				INFOPLIST_FILE = Parstagram/Info.plist;
				LD_RUNPATH_SEARCH_PATHS = (
					"$(inherited)",
					"@executable_path/Frameworks",
				);
				PRODUCT_BUNDLE_IDENTIFIER = "kevin.orellana06-gmail.com.Parstagram";
				PRODUCT_NAME = "$(TARGET_NAME)";
				SWIFT_VERSION = 5.0;
				TARGETED_DEVICE_FAMILY = "1,2";
			};
			name = Release;
		};
		84FC7ECD2424638900F895F7 /* Debug */ = {
			isa = XCBuildConfiguration;
			baseConfigurationReference = 8935AA4A6A64E93A7D186761 /* Pods-ParstagramTests.debug.xcconfig */;
			buildSettings = {
				ALWAYS_EMBED_SWIFT_STANDARD_LIBRARIES = YES;
				BUNDLE_LOADER = "$(TEST_HOST)";
				CODE_SIGN_STYLE = Automatic;
				INFOPLIST_FILE = ParstagramTests/Info.plist;
				IPHONEOS_DEPLOYMENT_TARGET = 13.2;
				LD_RUNPATH_SEARCH_PATHS = (
					"$(inherited)",
					"@executable_path/Frameworks",
					"@loader_path/Frameworks",
				);
				PRODUCT_BUNDLE_IDENTIFIER = "kevin.orellana06-gmail.com.ParstagramTests";
				PRODUCT_NAME = "$(TARGET_NAME)";
				SWIFT_VERSION = 5.0;
				TARGETED_DEVICE_FAMILY = "1,2";
				TEST_HOST = "$(BUILT_PRODUCTS_DIR)/Parstagram.app/Parstagram";
			};
			name = Debug;
		};
		84FC7ECE2424638900F895F7 /* Release */ = {
			isa = XCBuildConfiguration;
			baseConfigurationReference = 893E5EE848C6C37F81C1340B /* Pods-ParstagramTests.release.xcconfig */;
			buildSettings = {
				ALWAYS_EMBED_SWIFT_STANDARD_LIBRARIES = YES;
				BUNDLE_LOADER = "$(TEST_HOST)";
				CODE_SIGN_STYLE = Automatic;
				INFOPLIST_FILE = ParstagramTests/Info.plist;
				IPHONEOS_DEPLOYMENT_TARGET = 13.2;
				LD_RUNPATH_SEARCH_PATHS = (
					"$(inherited)",
					"@executable_path/Frameworks",
					"@loader_path/Frameworks",
				);
				PRODUCT_BUNDLE_IDENTIFIER = "kevin.orellana06-gmail.com.ParstagramTests";
				PRODUCT_NAME = "$(TARGET_NAME)";
				SWIFT_VERSION = 5.0;
				TARGETED_DEVICE_FAMILY = "1,2";
				TEST_HOST = "$(BUILT_PRODUCTS_DIR)/Parstagram.app/Parstagram";
			};
			name = Release;
		};
		84FC7ED02424638900F895F7 /* Debug */ = {
			isa = XCBuildConfiguration;
			baseConfigurationReference = D72B8D30155C6836E2655A76 /* Pods-Parstagram-ParstagramUITests.debug.xcconfig */;
			buildSettings = {
				ALWAYS_EMBED_SWIFT_STANDARD_LIBRARIES = YES;
				CODE_SIGN_STYLE = Automatic;
				INFOPLIST_FILE = ParstagramUITests/Info.plist;
				LD_RUNPATH_SEARCH_PATHS = (
					"$(inherited)",
					"@executable_path/Frameworks",
					"@loader_path/Frameworks",
				);
				PRODUCT_BUNDLE_IDENTIFIER = "kevin.orellana06-gmail.com.ParstagramUITests";
				PRODUCT_NAME = "$(TARGET_NAME)";
				SWIFT_VERSION = 5.0;
				TARGETED_DEVICE_FAMILY = "1,2";
				TEST_TARGET_NAME = Parstagram;
			};
			name = Debug;
		};
		84FC7ED12424638900F895F7 /* Release */ = {
			isa = XCBuildConfiguration;
			baseConfigurationReference = E05673567C8CC3291E05CF44 /* Pods-Parstagram-ParstagramUITests.release.xcconfig */;
			buildSettings = {
				ALWAYS_EMBED_SWIFT_STANDARD_LIBRARIES = YES;
				CODE_SIGN_STYLE = Automatic;
				INFOPLIST_FILE = ParstagramUITests/Info.plist;
				LD_RUNPATH_SEARCH_PATHS = (
					"$(inherited)",
					"@executable_path/Frameworks",
					"@loader_path/Frameworks",
				);
				PRODUCT_BUNDLE_IDENTIFIER = "kevin.orellana06-gmail.com.ParstagramUITests";
				PRODUCT_NAME = "$(TARGET_NAME)";
				SWIFT_VERSION = 5.0;
				TARGETED_DEVICE_FAMILY = "1,2";
				TEST_TARGET_NAME = Parstagram;
			};
			name = Release;
		};
/* End XCBuildConfiguration section */

/* Begin XCConfigurationList section */
		84FC7E9A2424638400F895F7 /* Build configuration list for PBXProject "Parstagram" */ = {
			isa = XCConfigurationList;
			buildConfigurations = (
				84FC7EC72424638900F895F7 /* Debug */,
				84FC7EC82424638900F895F7 /* Release */,
			);
			defaultConfigurationIsVisible = 0;
			defaultConfigurationName = Release;
		};
		84FC7EC92424638900F895F7 /* Build configuration list for PBXNativeTarget "Parstagram" */ = {
			isa = XCConfigurationList;
			buildConfigurations = (
				84FC7ECA2424638900F895F7 /* Debug */,
				84FC7ECB2424638900F895F7 /* Release */,
			);
			defaultConfigurationIsVisible = 0;
			defaultConfigurationName = Release;
		};
		84FC7ECC2424638900F895F7 /* Build configuration list for PBXNativeTarget "ParstagramTests" */ = {
			isa = XCConfigurationList;
			buildConfigurations = (
				84FC7ECD2424638900F895F7 /* Debug */,
				84FC7ECE2424638900F895F7 /* Release */,
			);
			defaultConfigurationIsVisible = 0;
			defaultConfigurationName = Release;
		};
		84FC7ECF2424638900F895F7 /* Build configuration list for PBXNativeTarget "ParstagramUITests" */ = {
			isa = XCConfigurationList;
			buildConfigurations = (
				84FC7ED02424638900F895F7 /* Debug */,
				84FC7ED12424638900F895F7 /* Release */,
			);
			defaultConfigurationIsVisible = 0;
			defaultConfigurationName = Release;
		};
/* End XCConfigurationList section */
	};
	rootObject = 84FC7E972424638400F895F7 /* Project object */;
}
